
Microsoft Visual Studio Solution File, Format Version 12.00
# Visual Studio Version 17
VisualStudioVersion = 17.4.33213.308
MinimumVisualStudioVersion = 10.0.40219.1
Project("{FAE04EC0-301F-11D3-BF4B-00C04F79EFBC}") = "KT_18", "KT_18.csproj", "{5A3C46EF-DC19-40FA-95FD-2E50968680BC}"
EndProject
Global
	GlobalSection(SolutionConfigurationPlatforms) = preSolution
		Debug|Any CPU = Debug|Any CPU
		Release|Any CPU = Release|Any CPU
	EndGlobalSection
	GlobalSection(ProjectConfigurationPlatforms) = postSolution
		{5A3C46EF-DC19-40FA-95FD-2E50968680BC}.Debug|Any CPU.ActiveCfg = Debug|Any CPU
		{5A3C46EF-DC19-40FA-95FD-2E50968680BC}.Debug|Any CPU.Build.0 = Debug|Any CPU
		{5A3C46EF-DC19-40FA-95FD-2E50968680BC}.Release|Any CPU.ActiveCfg = Release|Any CPU
		{5A3C46EF-DC19-40FA-95FD-2E50968680BC}.Release|Any CPU.Build.0 = Release|Any CPU
	EndGlobalSection
	GlobalSection(SolutionProperties) = preSolution
		HideSolutionNode = FALSE
	EndGlobalSection
	GlobalSection(ExtensibilityGlobals) = postSolution
		SolutionGuid = {ECCBE66A-8E70-4997-BFAC-2070AED35F19}
	EndGlobalSection
EndGlobal
